
Microsoft Visual Studio Solution File, Format Version 12.00
# Visual Studio Version 16
VisualStudioVersion = 16.0.30907.101
MinimumVisualStudioVersion = 10.0.40219.1
Project("{FAE04EC0-301F-11D3-BF4B-00C04F79EFBC}") = "SpeechEnTxt", "SpeechEnTxt\SpeechEnTxt.csproj", "{49AFF24F-35C3-4CB6-927B-B4A356112D0B}"
EndProject
Project("{FAE04EC0-301F-11D3-BF4B-00C04F79EFBC}") = "TestConsole", "TestConsole\TestConsole.csproj", "{319D56BD-B498-4535-9948-7DDA4154CA1F}"
EndProject
Project("{54435603-DBB4-11D2-8724-00A0C9A8B90C}") = "SpeechSetup", "SpeechSetup\SpeechSetup.vdproj", "{BBDD6C7B-A737-4C75-98B3-115BC048EA13}"
EndProject
Project("{FAE04EC0-301F-11D3-BF4B-00C04F79EFBC}") = "TestWinForm", "TestWinForm\TestWinForm.csproj", "{9E803A3E-AE45-41AC-A7E1-E7B429F96978}"
EndProject
Global
	GlobalSection(SolutionConfigurationPlatforms) = preSolution
		Debug|Any CPU = Debug|Any CPU
		Release|Any CPU = Release|Any CPU
	EndGlobalSection
	GlobalSection(ProjectConfigurationPlatforms) = postSolution
		{49AFF24F-35C3-4CB6-927B-B4A356112D0B}.Debug|Any CPU.ActiveCfg = Debug|Any CPU
		{49AFF24F-35C3-4CB6-927B-B4A356112D0B}.Debug|Any CPU.Build.0 = Debug|Any CPU
		{49AFF24F-35C3-4CB6-927B-B4A356112D0B}.Release|Any CPU.ActiveCfg = Release|Any CPU
		{49AFF24F-35C3-4CB6-927B-B4A356112D0B}.Release|Any CPU.Build.0 = Release|Any CPU
		{319D56BD-B498-4535-9948-7DDA4154CA1F}.Debug|Any CPU.ActiveCfg = Debug|Any CPU
		{319D56BD-B498-4535-9948-7DDA4154CA1F}.Debug|Any CPU.Build.0 = Debug|Any CPU
		{319D56BD-B498-4535-9948-7DDA4154CA1F}.Release|Any CPU.ActiveCfg = Release|Any CPU
		{319D56BD-B498-4535-9948-7DDA4154CA1F}.Release|Any CPU.Build.0 = Release|Any CPU
		{BBDD6C7B-A737-4C75-98B3-115BC048EA13}.Debug|Any CPU.ActiveCfg = Debug
		{BBDD6C7B-A737-4C75-98B3-115BC048EA13}.Release|Any CPU.ActiveCfg = Release
		{9E803A3E-AE45-41AC-A7E1-E7B429F96978}.Debug|Any CPU.ActiveCfg = Debug|Any CPU
		{9E803A3E-AE45-41AC-A7E1-E7B429F96978}.Debug|Any CPU.Build.0 = Debug|Any CPU
		{9E803A3E-AE45-41AC-A7E1-E7B429F96978}.Release|Any CPU.ActiveCfg = Release|Any CPU
		{9E803A3E-AE45-41AC-A7E1-E7B429F96978}.Release|Any CPU.Build.0 = Release|Any CPU
	EndGlobalSection
	GlobalSection(SolutionProperties) = preSolution
		HideSolutionNode = FALSE
	EndGlobalSection
	GlobalSection(ExtensibilityGlobals) = postSolution
		SolutionGuid = {68370556-5F34-468A-B394-6FCEF8C61537}
	EndGlobalSection
EndGlobal
